
Microsoft Visual Studio Solution File, Format Version 12.00
# Visual Studio Version 16
VisualStudioVersion = 16.0.31424.327
MinimumVisualStudioVersion = 10.0.40219.1
Project("{FAE04EC0-301F-11D3-BF4B-00C04F79EFBC}") = "Crypto Monitor", "Crypto Monitor\Crypto Monitor.csproj", "{684452E0-E4DA-41CF-BA6D-7F6422447DC8}"
EndProject
Global
	GlobalSection(SolutionConfigurationPlatforms) = preSolution
		Debug|Any CPU = Debug|Any CPU
		Release|Any CPU = Release|Any CPU
	EndGlobalSection
	GlobalSection(ProjectConfigurationPlatforms) = postSolution
		{684452E0-E4DA-41CF-BA6D-7F6422447DC8}.Debug|Any CPU.ActiveCfg = Debug|Any CPU
		{684452E0-E4DA-41CF-BA6D-7F6422447DC8}.Debug|Any CPU.Build.0 = Debug|Any CPU
		{684452E0-E4DA-41CF-BA6D-7F6422447DC8}.Release|Any CPU.ActiveCfg = Release|Any CPU
		{684452E0-E4DA-41CF-BA6D-7F6422447DC8}.Release|Any CPU.Build.0 = Release|Any CPU
	EndGlobalSection
	GlobalSection(SolutionProperties) = preSolution
		HideSolutionNode = FALSE
	EndGlobalSection
	GlobalSection(ExtensibilityGlobals) = postSolution
		SolutionGuid = {2CD92894-825A-4D2C-B462-6FBED3A57993}
	EndGlobalSection
EndGlobal
